{
  "name": "autonomous-ai-agent",
  "lockfileVersion": 3,
  "requires": true,
  "packages": {
    "": {
      "dependencies": {
        "lucide": "^1.49.0",
        "motion": "^13.5.0"
      }
    },
    "node_modules/framer-motion": {
      "version": "13.5.0",
      "resolved": "https://registry.npmjs.org/framer-motion/-/framer-motion-13.5.0.tgz",
      "integrity": "sha512-5KDKvhGTKKEQPWl8xg2mZRC+pGsenooz9v+ar6BpoXcD1mae4wdhvjxLaK+3jvFbge0jk4C8JeIjIC8m98z7hg==",
      "license": "MIT",
      "dependencies": {
        "motion-dom": "^13.5.0",
        "motion-utils": "^13.5.0",
        "tslib": "^2.4.0"
      },
      "peerDependencies": {
        "react": "^18.0.0 || ^19.0.0",
        "react-dom": "^18.0.0 || ^19.0.0"
      },
      "peerDependenciesMeta": {
        "react": {
          "optional": true
        },
        "react-dom": {
          "optional": true
        }
      }
    },
    "node_modules/lucide": {
      "version": "1.49.0",
      "resolved": "https://registry.npmjs.org/lucide/-/lucide-1.49.0.tgz",
      "integrity": "sha512-Dyl20SJao+7GUAYqa1Wz/x5wiIYzVRlDXwtFDvf44HULQObsb8YjXE81YGv24WMFQQYLqlxHu86ikEAqG4Mbww==",
      "license": "ISC"
    },
    "node_modules/motion": {
      "version": "13.5.0",
      "resolved": "https://registry.npmjs.org/motion/-/motion-13.5.0.tgz",
      "integrity": "sha512-W/Vj6RDg9f9yJoaS+ohRYtl1j3Rb86fOCCjzn3M3M10Dg7ap3M7sMUeQs9wTsLQwHHmhioYsJLRRRTXxvhtHDA==",
      "license": "MIT",
      "dependencies": {
        "framer-motion": "^13.5.0",
        "tslib": "^2.4.0"
      },
      "peerDependencies": {
        "react": "^18.0.0 || ^19.0.0",
        "react-dom": "^18.0.0 || ^19.0.0"
      },
      "peerDependenciesMeta": {
        "react": {
          "optional": true
        },
        "react-dom": {
          "optional": true
        }
      }
    },
    "node_modules/motion-dom": {
      "version": "13.5.0",
      "resolved": "https://registry.npmjs.org/motion-dom/-/motion-dom-13.5.0.tgz",
      "integrity": "sha512-mSdelbdqc1LDi3m7RkYgnMgdys0qSDsNFpdf0Hjyf8U5Ln0AcjSeApKD4Q4Er3sBPFDzdLehDj4SLgwBf39poQ==",
      "license": "MIT",
      "dependencies": {
        "motion-utils": "^13.5.0"
      }
    },
    "node_modules/motion-utils": {
      "version": "13.5.0",
      "resolved": "https://registry.npmjs.org/motion-utils/-/motion-utils-13.5.0.tgz",
      "integrity": "sha512-Hqe/sqjIKliPZg8sVjWAkdySDPJNIeKH+euVkDOG8ri3DUUU7ZjndmHsGqEPz2iHpiyVaV5I22iguCMHU2he+Q==",
      "license": "MIT"
    },
    "node_modules/tslib": {
      "version": "2.8.1",
      "resolved": "https://registry.npmjs.org/tslib/-/tslib-2.8.1.tgz",
      "integrity": "sha512-oJFu94HQb+KVduSUQL7wnpmqnfmLsOA/nAh6b6EH0wCEoK0/mPeXU6c3wKDV83MkOuHPRHtSXKKU99IBazS/2w==",
      "license": "0BSD"
    }
  }
}
